# Generated by pub
# See https://dart.dev/tools/pub/glossary#lockfile
packages:
  async:
    dependency: transitive
    description:
      name: async
      sha256: bfe67ef28df125b7dddcea62755991f807aa39a2492a23e1550161692950bbe0
      url: "https://pub.dev"
    source: hosted
    version: "2.10.0"
  boolean_selector:
    dependency: transitive
    description:
      name: boolean_selector
      sha256: "6cfb5af12253eaf2b368f07bacc5a80d1301a071c73360d746b7f2e32d762c66"
      url: "https://pub.dev"
    source: hosted
    version: "2.1.1"
  calendar_timeline:
    dependency: "direct main"
    description:
      name: calendar_timeline
      sha256: c461d5745277d0ee7b02cd8bc9c53eb1a333bc8d22c097549024e39fa2936944
      url: "https://pub.dev"
    source: hosted
    version: "1.1.1"
  characters:
    dependency: transitive
    description:
      name: characters
      sha256: e6a326c8af69605aec75ed6c187d06b349707a27fbff8222ca9cc2cff167975c
      url: "https://pub.dev"
    source: hosted
    version: "1.2.1"
  clock:
    dependency: transitive
    description:
      name: clock
      sha256: cb6d7f03e1de671e34607e909a7213e31d7752be4fb66a86d29fe1eb14bfb5cf
      url: "https://pub.dev"
    source: hosted
    version: "1.1.1"
  collection:
    dependency: transitive
    description:
      name: collection
      sha256: cfc915e6923fe5ce6e153b0723c753045de46de1b4d63771530504004a45fae0
      url: "https://pub.dev"
    source: hosted
    version: "1.17.0"
  cross_platform:
    dependency: transitive
    description:
      name: cross_platform
      sha256: "2c766b0775820c9e2c3fd0a5946fc00f910425959ca7cf6f6780bf4e593d3775"
      url: "https://pub.dev"
    source: hosted
    version: "3.0.1"
  cupertino_icons:
    dependency: "direct main"
    description:
      name: cupertino_icons
      sha256: e35129dc44c9118cee2a5603506d823bab99c68393879edb440e0090d07586be
      url: "https://pub.dev"
    source: hosted
    version: "1.0.5"
  curved_navigation_bar:
    dependency: "direct main"
    description:
      name: curved_navigation_bar
      sha256: ea6412d00c5d83501bbf1cf9d1ac2ff11a20fbaf910c103c95ace7de82910334
      url: "https://pub.dev"
    source: hosted
    version: "1.0.3"
  custom_timer:
    dependency: "direct main"
    description:
      name: custom_timer
      sha256: d83b9b22b9c8e44080ff3cd4b061b04ecb846aae64a1c6888b0a3acc1a61f697
      url: "https://pub.dev"
    source: hosted
    version: "0.1.2"
  draw_graph:
    dependency: "direct main"
    description:
      name: draw_graph
      sha256: "87d86164bfdd9073957f9732c49b3fa5e8106a2337849d0e14cdf7fe2379bd57"
      url: "https://pub.dev"
    source: hosted
    version: "1.0.0"
  drop_cap_text:
    dependency: "direct main"
    description:
      name: drop_cap_text
      url: "https://pub.dartlang.org"
    source: hosted
    version: "1.1.3"
  fake_async:
    dependency: transitive
    description:
      name: fake_async
      sha256: "511392330127add0b769b75a987850d136345d9227c6b94c96a04cf4a391bf78"
      url: "https://pub.dev"
    source: hosted
    version: "1.3.1"
  ffi:
    dependency: transitive
    description:
      name: ffi
      sha256: a38574032c5f1dd06c4aee541789906c12ccaab8ba01446e800d9c5b79c4a978
      url: "https://pub.dev"
    source: hosted
    version: "2.0.1"
  file:
    dependency: transitive
    description:
      name: file
      sha256: "1b92bec4fc2a72f59a8e15af5f52cd441e4a7860b49499d69dfa817af20e925d"
      url: "https://pub.dev"
    source: hosted
    version: "6.1.4"
  flinq:
    dependency: transitive
    description:
      name: flinq
      sha256: "828d6cc2f2525f2c1fbf1803f1a526f4c6592068b70f46609131d0cc0562f514"
      url: "https://pub.dev"
    source: hosted
    version: "2.0.2"
  flutter:
    dependency: "direct main"
    description: flutter
    source: sdk
    version: "0.0.0"
  flutter_gif:
    dependency: "direct main"
    description:
      name: flutter_gif
      sha256: b13d7e484e40685e9236ffbaddf012c2448a2e2c1ac48bed345184dd7bc87f88
      url: "https://pub.dev"
    source: hosted
    version: "0.0.4"
  flutter_gifimage:
    dependency: "direct main"
    description:
      name: flutter_gifimage
      sha256: "2c1b59e0b96d64ee0e073b70a376d6651d369b87880cdd1bf29f8466d5b0ad46"
      url: "https://pub.dev"
    source: hosted
    version: "1.0.1"
  flutter_lints:
    dependency: "direct dev"
    description:
      name: flutter_lints
      sha256: aeb0b80a8b3709709c9cc496cdc027c5b3216796bc0af0ce1007eaf24464fd4c
      url: "https://pub.dev"
    source: hosted
    version: "2.0.1"
  flutter_test:
    dependency: "direct dev"
    description: flutter
    source: sdk
    version: "0.0.0"
  flutter_web_plugins:
    dependency: transitive
    description: flutter
    source: sdk
    version: "0.0.0"
  font_awesome_flutter:
    dependency: "direct main"
    description:
      name: font_awesome_flutter
      sha256: "959ef4add147753f990b4a7c6cccb746d5792dbdc81b1cde99e62e7edb31b206"
      url: "https://pub.dev"
    source: hosted
    version: "10.4.0"
  gif:
    dependency: "direct main"
    description:
      name: gif
      sha256: "1298db27c4edc82f13479f50363895e557079164af368f5e09a858726b0f1e9a"
      url: "https://pub.dev"
    source: hosted
    version: "2.2.0"
  google_sign_in:
    dependency: "direct main"
    description:
      name: google_sign_in
      sha256: "821f354c053d51a2d417b02d42532a19a6ea8057d2f9ebb8863c07d81c98aaf9"
      url: "https://pub.dev"
    source: hosted
    version: "5.4.4"
  google_sign_in_android:
    dependency: transitive
    description:
      name: google_sign_in_android
      sha256: f27bd56527c567594167bd0a46f7ceb93122ed064d2eee612413d6af0bb2e2e5
      url: "https://pub.dev"
    source: hosted
    version: "6.1.7"
  google_sign_in_ios:
    dependency: transitive
    description:
      name: google_sign_in_ios
      sha256: eca3433737cfe8b231127d43a3e6527e07d5f8e4a0c00ce593aaaf7bc92bb135
      url: "https://pub.dev"
    source: hosted
    version: "5.5.2"
  google_sign_in_platform_interface:
    dependency: transitive
    description:
      name: google_sign_in_platform_interface
      sha256: fece762f0d2dd762ebde43ad70662a209ff6ee034111976549c392f7763d9264
      url: "https://pub.dev"
    source: hosted
    version: "2.3.1"
  google_sign_in_web:
    dependency: transitive
    description:
      name: google_sign_in_web
      sha256: "75cc41ebc53b1756320ee14d9c3018ad3e6cea298147dbcd86e9d0c8d6720b40"
      url: "https://pub.dev"
    source: hosted
    version: "0.10.2+1"
  http:
    dependency: "direct main"
    description:
      name: http
      sha256: "6aa2946395183537c8b880962d935877325d6a09a2867c3970c05c0fed6ac482"
      url: "https://pub.dev"
    source: hosted
    version: "0.13.5"
  http_parser:
    dependency: transitive
    description:
      name: http_parser
      sha256: "2aa08ce0341cc9b354a498388e30986515406668dbcc4f7c950c3e715496693b"
      url: "https://pub.dev"
    source: hosted
    version: "4.0.2"
  infinite_listview:
    dependency: transitive
    description:
      name: infinite_listview
      sha256: f6062c1720eb59be553dfa6b89813d3e8dd2f054538445aaa5edaddfa5195ce6
      url: "https://pub.dev"
    source: hosted
    version: "1.1.0"
  intl:
    dependency: "direct main"
    description:
      name: intl
      sha256: a3715e3bc90294e971cb7dc063fbf3cd9ee0ebf8604ffeafabd9e6f16abbdbe6
      url: "https://pub.dev"
    source: hosted
    version: "0.18.0"
  js:
    dependency: transitive
    description:
      name: js
      sha256: "5528c2f391ededb7775ec1daa69e65a2d61276f7552de2b5f7b8d34ee9fd4ab7"
      url: "https://pub.dev"
    source: hosted
    version: "0.6.5"
  lints:
    dependency: transitive
    description:
      name: lints
      sha256: "5e4a9cd06d447758280a8ac2405101e0e2094d2a1dbdd3756aec3fe7775ba593"
      url: "https://pub.dev"
    source: hosted
    version: "2.0.1"
  loading_gifs:
    dependency: "direct main"
    description:
      name: loading_gifs
      url: "https://pub.dartlang.org"
    source: hosted
    version: "0.3.0"
  matcher:
    dependency: transitive
    description:
      name: matcher
      sha256: "16db949ceee371e9b99d22f88fa3a73c4e59fd0afed0bd25fc336eb76c198b72"
      url: "https://pub.dev"
    source: hosted
    version: "0.12.13"
  material_color_utilities:
    dependency: transitive
    description:
      name: material_color_utilities
      sha256: d92141dc6fe1dad30722f9aa826c7fbc896d021d792f80678280601aff8cf724
      url: "https://pub.dev"
    source: hosted
    version: "0.2.0"
  mdcharts:
    dependency: "direct main"
    description:
      name: mdcharts
      sha256: "4008b9170af896e17b50c6d60344b6b3f3cffa8e3fc39bcc93fb68f2d6035987"
      url: "https://pub.dev"
    source: hosted
    version: "4.0.6"
  meta:
    dependency: transitive
    description:
      name: meta
      sha256: "6c268b42ed578a53088d834796959e4a1814b5e9e164f147f580a386e5decf42"
      url: "https://pub.dev"
    source: hosted
    version: "1.8.0"
  multi_select_flutter:
    dependency: "direct main"
    description:
      name: multi_select_flutter
      url: "https://pub.dartlang.org"
    source: hosted
    version: "4.1.3"
  nested:
    dependency: transitive
    description:
      name: nested
      sha256: "03bac4c528c64c95c722ec99280375a6f2fc708eec17c7b3f07253b626cd2a20"
      url: "https://pub.dev"
    source: hosted
    version: "1.0.0"
  numberpicker:
    dependency: "direct main"
    description:
      name: numberpicker
      sha256: "73723bd13c940ebcd9e5f0ed56b4874588c1748a9a6a38254f97ad627715142e"
      url: "https://pub.dev"
    source: hosted
    version: "2.1.1"
  path:
    dependency: transitive
    description:
      name: path
      sha256: db9d4f58c908a4ba5953fcee2ae317c94889433e5024c27ce74a37f94267945b
      url: "https://pub.dev"
    source: hosted
    version: "1.8.2"
  path_provider_linux:
    dependency: transitive
    description:
      name: path_provider_linux
      sha256: "525ad5e07622d19447ad740b1ed5070031f7a5437f44355ae915ff56e986429a"
      url: "https://pub.dev"
    source: hosted
    version: "2.1.9"
  path_provider_platform_interface:
    dependency: transitive
    description:
      name: path_provider_platform_interface
      sha256: "57585299a729335f1298b43245842678cb9f43a6310351b18fb577d6e33165ec"
      url: "https://pub.dev"
    source: hosted
    version: "2.0.6"
  path_provider_windows:
    dependency: transitive
    description:
      name: path_provider_windows
      sha256: "642ddf65fde5404f83267e8459ddb4556316d3ee6d511ed193357e25caa3632d"
      url: "https://pub.dev"
    source: hosted
    version: "2.1.4"
  platform:
    dependency: transitive
    description:
      name: platform
      sha256: "4a451831508d7d6ca779f7ac6e212b4023dd5a7d08a27a63da33756410e32b76"
      url: "https://pub.dev"
    source: hosted
    version: "3.1.0"
  plugin_platform_interface:
    dependency: transitive
    description:
      name: plugin_platform_interface
      sha256: "6a2128648c854906c53fa8e33986fc0247a1116122f9534dd20e3ab9e16a32bc"
      url: "https://pub.dev"
    source: hosted
    version: "2.1.4"
  process:
    dependency: transitive
    description:
      name: process
      sha256: "53fd8db9cec1d37b0574e12f07520d582019cb6c44abf5479a01505099a34a09"
      url: "https://pub.dev"
    source: hosted
    version: "4.2.4"
  provider:
    dependency: "direct main"
    description:
      name: provider
      sha256: cdbe7530b12ecd9eb455bdaa2fcb8d4dad22e80b8afb4798b41479d5ce26847f
      url: "https://pub.dev"
    source: hosted
    version: "6.0.5"
  quiver:
    dependency: transitive
    description:
      name: quiver
      sha256: b1c1ac5ce6688d77f65f3375a9abb9319b3cb32486bdc7a1e0fdf004d7ba4e47
      url: "https://pub.dev"
    source: hosted
    version: "3.2.1"
  rxdart:
    dependency: transitive
    description:
      name: rxdart
      sha256: "0c7c0cedd93788d996e33041ffecda924cc54389199cde4e6a34b440f50044cb"
      url: "https://pub.dev"
    source: hosted
    version: "0.27.7"
  scrollable_positioned_list:
    dependency: transitive
    description:
      name: scrollable_positioned_list
      sha256: ca7fcaa743db712d4f7b1580526f494d0093c77a721a65705ee51fbeac7a2bd3
      url: "https://pub.dev"
    source: hosted
    version: "0.3.5"
  shared_preferences:
    dependency: "direct main"
    description:
      name: shared_preferences
      sha256: ee6257848f822b8481691f20c3e6d2bfee2e9eccb2a3d249907fcfb198c55b41
      url: "https://pub.dev"
    source: hosted
    version: "2.0.18"
  shared_preferences_android:
    dependency: transitive
    description:
      name: shared_preferences_android
      sha256: a51a4f9375097f94df1c6e0a49c0374440d31ab026b59d58a7e7660675879db4
      url: "https://pub.dev"
    source: hosted
    version: "2.0.16"
  shared_preferences_foundation:
    dependency: transitive
    description:
      name: shared_preferences_foundation
      sha256: "6b84fdf06b32bb336f972d373cd38b63734f3461ba56ac2ba01b56d052796259"
      url: "https://pub.dev"
    source: hosted
    version: "2.1.4"
  shared_preferences_linux:
    dependency: transitive
    description:
      name: shared_preferences_linux
      sha256: d7fb71e6e20cd3dfffcc823a28da3539b392e53ed5fc5c2b90b55fdaa8a7e8fa
      url: "https://pub.dev"
    source: hosted
    version: "2.1.4"
  shared_preferences_platform_interface:
    dependency: transitive
    description:
      name: shared_preferences_platform_interface
      sha256: "824bfd02713e37603b2bdade0842e47d56e7db32b1dcdd1cae533fb88e2913fc"
      url: "https://pub.dev"
    source: hosted
    version: "2.1.1"
  shared_preferences_web:
    dependency: transitive
    description:
      name: shared_preferences_web
      sha256: "6737b757e49ba93de2a233df229d0b6a87728cea1684da828cbc718b65dcf9d7"
      url: "https://pub.dev"
    source: hosted
    version: "2.0.5"
  shared_preferences_windows:
    dependency: transitive
    description:
      name: shared_preferences_windows
      sha256: bd014168e8484837c39ef21065b78f305810ceabc1d4f90be6e3b392ce81b46d
      url: "https://pub.dev"
    source: hosted
    version: "2.1.4"
  sky_engine:
    dependency: transitive
    description: flutter
    source: sdk
    version: "0.0.99"
  source_span:
    dependency: transitive
    description:
      name: source_span
      sha256: dd904f795d4b4f3b870833847c461801f6750a9fa8e61ea5ac53f9422b31f250
      url: "https://pub.dev"
    source: hosted
    version: "1.9.1"
  stack_trace:
    dependency: transitive
    description:
      name: stack_trace
      sha256: c3c7d8edb15bee7f0f74debd4b9c5f3c2ea86766fe4178eb2a18eb30a0bdaed5
      url: "https://pub.dev"
    source: hosted
    version: "1.11.0"
  stream_channel:
    dependency: transitive
    description:
      name: stream_channel
      sha256: "83615bee9045c1d322bbbd1ba209b7a749c2cbcdcb3fdd1df8eb488b3279c1c8"
      url: "https://pub.dev"
    source: hosted
    version: "2.1.1"
  string_scanner:
    dependency: transitive
    description:
      name: string_scanner
      sha256: "556692adab6cfa87322a115640c11f13cb77b3f076ddcc5d6ae3c20242bedcde"
      url: "https://pub.dev"
    source: hosted
    version: "1.2.0"
  syncfusion_flutter_charts:
    dependency: "direct main"
    description:
      name: syncfusion_flutter_charts
      sha256: "6faeb211311559f99f3c816b75aa493e68d1cc263f62dec530d5e8098b71bae4"
      url: "https://pub.dev"
    source: hosted
    version: "20.4.52"
  syncfusion_flutter_core:
    dependency: transitive
    description:
      name: syncfusion_flutter_core
      sha256: "4319454a92fe5aea1e90ff68c17703a39517ab05dd3074c34c9553e5f7cbf414"
      url: "https://pub.dev"
    source: hosted
    version: "20.4.52"
  term_glyph:
    dependency: transitive
    description:
      name: term_glyph
      sha256: a29248a84fbb7c79282b40b8c72a1209db169a2e0542bce341da992fe1bc7e84
      url: "https://pub.dev"
    source: hosted
    version: "1.2.1"
  test_api:
    dependency: transitive
    description:
      name: test_api
      sha256: ad540f65f92caa91bf21dfc8ffb8c589d6e4dc0c2267818b4cc2792857706206
      url: "https://pub.dev"
    source: hosted
    version: "0.4.16"
  typed_data:
    dependency: transitive
    description:
      name: typed_data
      sha256: "26f87ade979c47a150c9eaab93ccd2bebe70a27dc0b4b29517f2904f04eb11a5"
      url: "https://pub.dev"
    source: hosted
    version: "1.3.1"
  vector_math:
    dependency: transitive
    description:
      name: vector_math
      sha256: "80b3257d1492ce4d091729e3a67a60407d227c27241d6927be0130c98e741803"
      url: "https://pub.dev"
    source: hosted
    version: "2.1.4"
  win32:
    dependency: transitive
    description:
      name: win32
      sha256: c9ebe7ee4ab0c2194e65d3a07d8c54c5d00bb001b76081c4a04cdb8448b59e46
      url: "https://pub.dev"
    source: hosted
    version: "3.1.3"
  xdg_directories:
    dependency: transitive
    description:
      name: xdg_directories
      sha256: ee1505df1426458f7f60aac270645098d318a8b4766d85fde75f76f2e21807d1
      url: "https://pub.dev"
    source: hosted
    version: "1.0.0"
sdks:
  dart: ">=2.18.0 <3.0.0"
  flutter: ">=3.0.0"
